
Microsoft Visual Studio Solution File, Format Version 12.00
# Visual Studio Version 17
VisualStudioVersion = 17.0.31903.59
MinimumVisualStudioVersion = 10.0.40219.1
Project("{FAE04EC0-301F-11D3-BF4B-00C04F79EFBC}") = "SmartLocate.API", "src\SmartLocate.API\SmartLocate.API.csproj", "{2EAD70D2-34B3-4462-98CE-600E9A7D351C}"
EndProject
Project("{2150E333-8FDC-42A3-9474-1A3956D46DE8}") = "Services", "Services", "{92E8224B-C288-4A6B-9B8B-A7362D5AA610}"
EndProject
Project("{FAE04EC0-301F-11D3-BF4B-00C04F79EFBC}") = "SmartLocate.Buses", "src\SmartLocate.Buses\SmartLocate.Buses.csproj", "{53770B0E-AB8E-4CE9-8F5B-0C7BBC1D6395}"
EndProject
Project("{2150E333-8FDC-42A3-9474-1A3956D46DE8}") = "Shared", "Shared", "{6307F8F4-4CC0-4846-958B-1E9F989C3FD1}"
EndProject
Project("{FAE04EC0-301F-11D3-BF4B-00C04F79EFBC}") = "SmartLocate.Infrastructure.Commons", "src\SmartLocate.Infrastructure.Commons\SmartLocate.Infrastructure.Commons.csproj", "{1922C315-4EEC-4852-80EC-2047A14AF9A6}"
EndProject
Project("{FAE04EC0-301F-11D3-BF4B-00C04F79EFBC}") = "SmartLocate.Commons", "src\SmartLocate.Commons\SmartLocate.Commons.csproj", "{639E7F29-9B14-488E-BA86-44CA348269C5}"
EndProject
Project("{2150E333-8FDC-42A3-9474-1A3956D46DE8}") = "API Gateway", "API Gateway", "{E15BE0DB-7AF7-4669-8033-66FFA5FC6FA9}"
EndProject
Project("{FAE04EC0-301F-11D3-BF4B-00C04F79EFBC}") = "SmartLocate.Students", "src\SmartLocate.Students\SmartLocate.Students.csproj", "{EB5970C3-1CAF-4527-A11A-3BFF2CCC60C4}"
EndProject
Project("{FAE04EC0-301F-11D3-BF4B-00C04F79EFBC}") = "SmartLocate.BusRoutes", "src\SmartLocate.BusRoutes\SmartLocate.BusRoutes.csproj", "{EDEBEA57-FEF3-408A-AAF4-28211A8DD90D}"
EndProject
Project("{2150E333-8FDC-42A3-9474-1A3956D46DE8}") = "Aspire", "Aspire", "{07A9FE1A-C797-4E0F-B912-C7B8ECCF83C6}"
EndProject
Project("{FAE04EC0-301F-11D3-BF4B-00C04F79EFBC}") = "SmartLocate.AppHost", "src\SmartLocate.Aspire\SmartLocate.AppHost\SmartLocate.AppHost.csproj", "{F838E86C-04DD-4150-9C27-A37609DE71DE}"
EndProject
Project("{FAE04EC0-301F-11D3-BF4B-00C04F79EFBC}") = "SmartLocate.ServiceDefaults", "src\SmartLocate.Aspire\SmartLocate.ServiceDefaults\SmartLocate.ServiceDefaults.csproj", "{83988FF3-1140-4821-86AB-F49BFDF03B1B}"
EndProject
Project("{FAE04EC0-301F-11D3-BF4B-00C04F79EFBC}") = "SmartLocate.Identity", "src\SmartLocate.Identity\SmartLocate.Identity.csproj", "{B72AB1C0-41D3-41A1-B8E5-B17451BF1EE9}"
EndProject
Project("{FAE04EC0-301F-11D3-BF4B-00C04F79EFBC}") = "SmartLocate.Infrastructure", "src\SmartLocate.Infrastructure\SmartLocate.Infrastructure.csproj", "{22697D17-A2F9-4167-B1A6-1FD4CACE86B6}"
EndProject
Project("{FAE04EC0-301F-11D3-BF4B-00C04F79EFBC}") = "SmartLocate.BusDrivers", "src\SmartLocate.BusDrivers\SmartLocate.BusDrivers.csproj", "{5C967802-7187-4F34-8EA8-1CC753D5007A}"
EndProject
Project("{FAE04EC0-301F-11D3-BF4B-00C04F79EFBC}") = "SmartLocate.Admin", "src\SmartLocate.Admin\SmartLocate.Admin.csproj", "{D66FE0B7-8167-4779-AAAE-2AF093F24002}"
EndProject
Global
	GlobalSection(SolutionConfigurationPlatforms) = preSolution
		Debug|Any CPU = Debug|Any CPU
		Release|Any CPU = Release|Any CPU
	EndGlobalSection
	GlobalSection(ProjectConfigurationPlatforms) = postSolution
		{2EAD70D2-34B3-4462-98CE-600E9A7D351C}.Debug|Any CPU.ActiveCfg = Debug|Any CPU
		{2EAD70D2-34B3-4462-98CE-600E9A7D351C}.Debug|Any CPU.Build.0 = Debug|Any CPU
		{2EAD70D2-34B3-4462-98CE-600E9A7D351C}.Release|Any CPU.ActiveCfg = Release|Any CPU
		{2EAD70D2-34B3-4462-98CE-600E9A7D351C}.Release|Any CPU.Build.0 = Release|Any CPU
		{53770B0E-AB8E-4CE9-8F5B-0C7BBC1D6395}.Debug|Any CPU.ActiveCfg = Debug|Any CPU
		{53770B0E-AB8E-4CE9-8F5B-0C7BBC1D6395}.Debug|Any CPU.Build.0 = Debug|Any CPU
		{53770B0E-AB8E-4CE9-8F5B-0C7BBC1D6395}.Release|Any CPU.ActiveCfg = Release|Any CPU
		{53770B0E-AB8E-4CE9-8F5B-0C7BBC1D6395}.Release|Any CPU.Build.0 = Release|Any CPU
		{1922C315-4EEC-4852-80EC-2047A14AF9A6}.Debug|Any CPU.ActiveCfg = Debug|Any CPU
		{1922C315-4EEC-4852-80EC-2047A14AF9A6}.Debug|Any CPU.Build.0 = Debug|Any CPU
		{1922C315-4EEC-4852-80EC-2047A14AF9A6}.Release|Any CPU.ActiveCfg = Release|Any CPU
		{1922C315-4EEC-4852-80EC-2047A14AF9A6}.Release|Any CPU.Build.0 = Release|Any CPU
		{639E7F29-9B14-488E-BA86-44CA348269C5}.Debug|Any CPU.ActiveCfg = Debug|Any CPU
		{639E7F29-9B14-488E-BA86-44CA348269C5}.Debug|Any CPU.Build.0 = Debug|Any CPU
		{639E7F29-9B14-488E-BA86-44CA348269C5}.Release|Any CPU.ActiveCfg = Release|Any CPU
		{639E7F29-9B14-488E-BA86-44CA348269C5}.Release|Any CPU.Build.0 = Release|Any CPU
		{EB5970C3-1CAF-4527-A11A-3BFF2CCC60C4}.Debug|Any CPU.ActiveCfg = Debug|Any CPU
		{EB5970C3-1CAF-4527-A11A-3BFF2CCC60C4}.Debug|Any CPU.Build.0 = Debug|Any CPU
		{EB5970C3-1CAF-4527-A11A-3BFF2CCC60C4}.Release|Any CPU.ActiveCfg = Release|Any CPU
		{EB5970C3-1CAF-4527-A11A-3BFF2CCC60C4}.Release|Any CPU.Build.0 = Release|Any CPU
		{EDEBEA57-FEF3-408A-AAF4-28211A8DD90D}.Debug|Any CPU.ActiveCfg = Debug|Any CPU
		{EDEBEA57-FEF3-408A-AAF4-28211A8DD90D}.Debug|Any CPU.Build.0 = Debug|Any CPU
		{EDEBEA57-FEF3-408A-AAF4-28211A8DD90D}.Release|Any CPU.ActiveCfg = Release|Any CPU
		{EDEBEA57-FEF3-408A-AAF4-28211A8DD90D}.Release|Any CPU.Build.0 = Release|Any CPU
		{F838E86C-04DD-4150-9C27-A37609DE71DE}.Debug|Any CPU.ActiveCfg = Debug|Any CPU
		{F838E86C-04DD-4150-9C27-A37609DE71DE}.Debug|Any CPU.Build.0 = Debug|Any CPU
		{F838E86C-04DD-4150-9C27-A37609DE71DE}.Release|Any CPU.ActiveCfg = Release|Any CPU
		{F838E86C-04DD-4150-9C27-A37609DE71DE}.Release|Any CPU.Build.0 = Release|Any CPU
		{83988FF3-1140-4821-86AB-F49BFDF03B1B}.Debug|Any CPU.ActiveCfg = Debug|Any CPU
		{83988FF3-1140-4821-86AB-F49BFDF03B1B}.Debug|Any CPU.Build.0 = Debug|Any CPU
		{83988FF3-1140-4821-86AB-F49BFDF03B1B}.Release|Any CPU.ActiveCfg = Release|Any CPU
		{83988FF3-1140-4821-86AB-F49BFDF03B1B}.Release|Any CPU.Build.0 = Release|Any CPU
		{B72AB1C0-41D3-41A1-B8E5-B17451BF1EE9}.Debug|Any CPU.ActiveCfg = Debug|Any CPU
		{B72AB1C0-41D3-41A1-B8E5-B17451BF1EE9}.Debug|Any CPU.Build.0 = Debug|Any CPU
		{B72AB1C0-41D3-41A1-B8E5-B17451BF1EE9}.Release|Any CPU.ActiveCfg = Release|Any CPU
		{B72AB1C0-41D3-41A1-B8E5-B17451BF1EE9}.Release|Any CPU.Build.0 = Release|Any CPU
		{22697D17-A2F9-4167-B1A6-1FD4CACE86B6}.Debug|Any CPU.ActiveCfg = Debug|Any CPU
		{22697D17-A2F9-4167-B1A6-1FD4CACE86B6}.Debug|Any CPU.Build.0 = Debug|Any CPU
		{22697D17-A2F9-4167-B1A6-1FD4CACE86B6}.Release|Any CPU.ActiveCfg = Release|Any CPU
		{22697D17-A2F9-4167-B1A6-1FD4CACE86B6}.Release|Any CPU.Build.0 = Release|Any CPU
		{5C967802-7187-4F34-8EA8-1CC753D5007A}.Debug|Any CPU.ActiveCfg = Debug|Any CPU
		{5C967802-7187-4F34-8EA8-1CC753D5007A}.Debug|Any CPU.Build.0 = Debug|Any CPU
		{5C967802-7187-4F34-8EA8-1CC753D5007A}.Release|Any CPU.ActiveCfg = Release|Any CPU
		{5C967802-7187-4F34-8EA8-1CC753D5007A}.Release|Any CPU.Build.0 = Release|Any CPU
		{D66FE0B7-8167-4779-AAAE-2AF093F24002}.Debug|Any CPU.ActiveCfg = Debug|Any CPU
		{D66FE0B7-8167-4779-AAAE-2AF093F24002}.Debug|Any CPU.Build.0 = Debug|Any CPU
		{D66FE0B7-8167-4779-AAAE-2AF093F24002}.Release|Any CPU.ActiveCfg = Release|Any CPU
		{D66FE0B7-8167-4779-AAAE-2AF093F24002}.Release|Any CPU.Build.0 = Release|Any CPU
	EndGlobalSection
	GlobalSection(NestedProjects) = preSolution
		{53770B0E-AB8E-4CE9-8F5B-0C7BBC1D6395} = {92E8224B-C288-4A6B-9B8B-A7362D5AA610}
		{1922C315-4EEC-4852-80EC-2047A14AF9A6} = {6307F8F4-4CC0-4846-958B-1E9F989C3FD1}
		{639E7F29-9B14-488E-BA86-44CA348269C5} = {6307F8F4-4CC0-4846-958B-1E9F989C3FD1}
		{2EAD70D2-34B3-4462-98CE-600E9A7D351C} = {E15BE0DB-7AF7-4669-8033-66FFA5FC6FA9}
		{EB5970C3-1CAF-4527-A11A-3BFF2CCC60C4} = {92E8224B-C288-4A6B-9B8B-A7362D5AA610}
		{EDEBEA57-FEF3-408A-AAF4-28211A8DD90D} = {92E8224B-C288-4A6B-9B8B-A7362D5AA610}
		{F838E86C-04DD-4150-9C27-A37609DE71DE} = {07A9FE1A-C797-4E0F-B912-C7B8ECCF83C6}
		{83988FF3-1140-4821-86AB-F49BFDF03B1B} = {07A9FE1A-C797-4E0F-B912-C7B8ECCF83C6}
		{B72AB1C0-41D3-41A1-B8E5-B17451BF1EE9} = {92E8224B-C288-4A6B-9B8B-A7362D5AA610}
		{22697D17-A2F9-4167-B1A6-1FD4CACE86B6} = {6307F8F4-4CC0-4846-958B-1E9F989C3FD1}
		{5C967802-7187-4F34-8EA8-1CC753D5007A} = {92E8224B-C288-4A6B-9B8B-A7362D5AA610}
		{D66FE0B7-8167-4779-AAAE-2AF093F24002} = {92E8224B-C288-4A6B-9B8B-A7362D5AA610}
	EndGlobalSection
EndGlobal
